// !$*UTF8*$!
{
	archiveVersion = 1;
	classes = {
	};
	objectVersion = 46;
	objects = {

/* Begin PBXBuildFile section */
		9FCFF1C219B7FD0300513DD8 /* AppDelegate.swift in Sources */ = {isa = PBXBuildFile; fileRef = 9FCFF1C119B7FD0300513DD8 /* AppDelegate.swift */; };
		9FCFF1C419B7FD0300513DD8 /* ViewController.swift in Sources */ = {isa = PBXBuildFile; fileRef = 9FCFF1C319B7FD0300513DD8 /* ViewController.swift */; };
		9FCFF1C719B7FD0300513DD8 /* Main.storyboard in Resources */ = {isa = PBXBuildFile; fileRef = 9FCFF1C519B7FD0300513DD8 /* Main.storyboard */; };
		9FCFF1C919B7FD0300513DD8 /* Images.xcassets in Resources */ = {isa = PBXBuildFile; fileRef = 9FCFF1C819B7FD0300513DD8 /* Images.xcassets */; };
		9FCFF1D519B7FD0300513DD8 /* Picnic_1Tests.swift in Sources */ = {isa = PBXBuildFile; fileRef = 9FCFF1D419B7FD0300513DD8 /* Picnic_1Tests.swift */; };
/* End PBXBuildFile section */

/* Begin PBXContainerItemProxy section */
		9FCFF1CF19B7FD0300513DD8 /* PBXContainerItemProxy */ = {
			isa = PBXContainerItemProxy;
			containerPortal = 9FCFF1B419B7FD0300513DD8 /* Project object */;
			proxyType = 1;
			remoteGlobalIDString = 9FCFF1BB19B7FD0300513DD8;
			remoteInfo = Picnic_1;
		};
/* End PBXContainerItemProxy section */

/* Begin PBXFileReference section */
		9FCFF1BC19B7FD0300513DD8 /* Picnic_1.app */ = {isa = PBXFileReference; explicitFileType = wrapper.application; includeInIndex = 0; path = Picnic_1.app; sourceTree = BUILT_PRODUCTS_DIR; };
		9FCFF1C019B7FD0300513DD8 /* Info.plist */ = {isa = PBXFileReference; lastKnownFileType = text.plist.xml; path = Info.plist; sourceTree = "<group>"; };
		9FCFF1C119B7FD0300513DD8 /* AppDelegate.swift */ = {isa = PBXFileReference; lastKnownFileType = sourcecode.swift; path = AppDelegate.swift; sourceTree = "<group>"; };
		9FCFF1C319B7FD0300513DD8 /* ViewController.swift */ = {isa = PBXFileReference; lastKnownFileType = sourcecode.swift; path = ViewController.swift; sourceTree = "<group>"; };
		9FCFF1C619B7FD0300513DD8 /* Base */ = {isa = PBXFileReference; lastKnownFileType = file.storyboard; name = Base; path = Base.lproj/Main.storyboard; sourceTree = "<group>"; };
		9FCFF1C819B7FD0300513DD8 /* Images.xcassets */ = {isa = PBXFileReference; lastKnownFileType = folder.assetcatalog; path = Images.xcassets; sourceTree = "<group>"; };
		9FCFF1CE19B7FD0300513DD8 /* Picnic_1Tests.xctest */ = {isa = PBXFileReference; explicitFileType = wrapper.cfbundle; includeInIndex = 0; path = Picnic_1Tests.xctest; sourceTree = BUILT_PRODUCTS_DIR; };
		9FCFF1D319B7FD0300513DD8 /* Info.plist */ = {isa = PBXFileReference; lastKnownFileType = text.plist.xml; path = Info.plist; sourceTree = "<group>"; };
		9FCFF1D419B7FD0300513DD8 /* Picnic_1Tests.swift */ = {isa = PBXFileReference; lastKnownFileType = sourcecode.swift; path = Picnic_1Tests.swift; sourceTree = "<group>"; };
/* End PBXFileReference section */

/* Begin PBXFrameworksBuildPhase section */
		9FCFF1B919B7FD0300513DD8 /* Frameworks */ = {
			isa = PBXFrameworksBuildPhase;
			buildActionMask = 2147483647;
			files = (
			);
			runOnlyForDeploymentPostprocessing = 0;
		};
		9FCFF1CB19B7FD0300513DD8 /* Frameworks */ = {
			isa = PBXFrameworksBuildPhase;
			buildActionMask = 2147483647;
			files = (
			);
			runOnlyForDeploymentPostprocessing = 0;
		};
/* End PBXFrameworksBuildPhase section */

/* Begin PBXGroup section */
		9FCFF1B319B7FD0300513DD8 = {
			isa = PBXGroup;
			children = (
				9FCFF1BE19B7FD0300513DD8 /* Picnic_1 */,
				9FCFF1D119B7FD0300513DD8 /* Picnic_1Tests */,
				9FCFF1BD19B7FD0300513DD8 /* Products */,
			);
			sourceTree = "<group>";
		};
		9FCFF1BD19B7FD0300513DD8 /* Products */ = {
			isa = PBXGroup;
			children = (
				9FCFF1BC19B7FD0300513DD8 /* Picnic_1.app */,
				9FCFF1CE19B7FD0300513DD8 /* Picnic_1Tests.xctest */,
			);
			name = Products;
			sourceTree = "<group>";
		};
		9FCFF1BE19B7FD0300513DD8 /* Picnic_1 */ = {
			isa = PBXGroup;
			children = (
				9FCFF1C119B7FD0300513DD8 /* AppDelegate.swift */,
				9FCFF1C319B7FD0300513DD8 /* ViewController.swift */,
				9FCFF1C519B7FD0300513DD8 /* Main.storyboard */,
				9FCFF1C819B7FD0300513DD8 /* Images.xcassets */,
				9FCFF1BF19B7FD0300513DD8 /* Supporting Files */,
			);
			path = Picnic_1;
			sourceTree = "<group>";
		};
		9FCFF1BF19B7FD0300513DD8 /* Supporting Files */ = {
			isa = PBXGroup;
			children = (
				9FCFF1C019B7FD0300513DD8 /* Info.plist */,
			);
			name = "Supporting Files";
			sourceTree = "<group>";
		};
		9FCFF1D119B7FD0300513DD8 /* Picnic_1Tests */ = {
			isa = PBXGroup;
			children = (
				9FCFF1D419B7FD0300513DD8 /* Picnic_1Tests.swift */,
				9FCFF1D219B7FD0300513DD8 /* Supporting Files */,
			);
			path = Picnic_1Tests;
			sourceTree = "<group>";
		};
		9FCFF1D219B7FD0300513DD8 /* Supporting Files */ = {
			isa = PBXGroup;
			children = (
				9FCFF1D319B7FD0300513DD8 /* Info.plist */,
			);
			name = "Supporting Files";
			sourceTree = "<group>";
		};
/* End PBXGroup section */

/* Begin PBXNativeTarget section */
		9FCFF1BB19B7FD0300513DD8 /* Picnic_1 */ = {
			isa = PBXNativeTarget;
			buildConfigurationList = 9FCFF1D819B7FD0300513DD8 /* Build configuration list for PBXNativeTarget "Picnic_1" */;
			buildPhases = (
				9FCFF1B819B7FD0300513DD8 /* Sources */,
				9FCFF1B919B7FD0300513DD8 /* Frameworks */,
				9FCFF1BA19B7FD0300513DD8 /* Resources */,
			);
			buildRules = (
			);
			dependencies = (
			);
			name = Picnic_1;
			productName = Picnic_1;
			productReference = 9FCFF1BC19B7FD0300513DD8 /* Picnic_1.app */;
			productType = "com.apple.product-type.application";
		};
		9FCFF1CD19B7FD0300513DD8 /* Picnic_1Tests */ = {
			isa = PBXNativeTarget;
			buildConfigurationList = 9FCFF1DB19B7FD0300513DD8 /* Build configuration list for PBXNativeTarget "Picnic_1Tests" */;
			buildPhases = (
				9FCFF1CA19B7FD0300513DD8 /* Sources */,
				9FCFF1CB19B7FD0300513DD8 /* Frameworks */,
				9FCFF1CC19B7FD0300513DD8 /* Resources */,
			);
			buildRules = (
			);
			dependencies = (
				9FCFF1D019B7FD0300513DD8 /* PBXTargetDependency */,
			);
			name = Picnic_1Tests;
			productName = Picnic_1Tests;
			productReference = 9FCFF1CE19B7FD0300513DD8 /* Picnic_1Tests.xctest */;
			productType = "com.apple.product-type.bundle.unit-test";
		};
/* End PBXNativeTarget section */

/* Begin PBXProject section */
		9FCFF1B419B7FD0300513DD8 /* Project object */ = {
			isa = PBXProject;
			attributes = {
				LastUpgradeCheck = 0600;
				ORGANIZATIONNAME = daapr;
				TargetAttributes = {
					9FCFF1BB19B7FD0300513DD8 = {
						CreatedOnToolsVersion = 6.0;
					};
					9FCFF1CD19B7FD0300513DD8 = {
						CreatedOnToolsVersion = 6.0;
						TestTargetID = 9FCFF1BB19B7FD0300513DD8;
					};
				};
			};
			buildConfigurationList = 9FCFF1B719B7FD0300513DD8 /* Build configuration list for PBXProject "Picnic_1" */;
			compatibilityVersion = "Xcode 3.2";
			developmentRegion = English;
			hasScannedForEncodings = 0;
			knownRegions = (
				en,
				Base,
			);
			mainGroup = 9FCFF1B319B7FD0300513DD8;
			productRefGroup = 9FCFF1BD19B7FD0300513DD8 /* Products */;
			projectDirPath = "";
			projectRoot = "";
			targets = (
				9FCFF1BB19B7FD0300513DD8 /* Picnic_1 */,
				9FCFF1CD19B7FD0300513DD8 /* Picnic_1Tests */,
			);
		};
/* End PBXProject section */

/* Begin PBXResourcesBuildPhase section */
		9FCFF1BA19B7FD0300513DD8 /* Resources */ = {
			isa = PBXResourcesBuildPhase;
			buildActionMask = 2147483647;
			files = (
				9FCFF1C719B7FD0300513DD8 /* Main.storyboard in Resources */,
				9FCFF1C919B7FD0300513DD8 /* Images.xcassets in Resources */,
			);
			runOnlyForDeploymentPostprocessing = 0;
		};
		9FCFF1CC19B7FD0300513DD8 /* Resources */ = {
			isa = PBXResourcesBuildPhase;
			buildActionMask = 2147483647;
			files = (
			);
			runOnlyForDeploymentPostprocessing = 0;
		};
/* End PBXResourcesBuildPhase section */

/* Begin PBXSourcesBuildPhase section */
		9FCFF1B819B7FD0300513DD8 /* Sources */ = {
			isa = PBXSourcesBuildPhase;
			buildActionMask = 2147483647;
			files = (
				9FCFF1C419B7FD0300513DD8 /* ViewController.swift in Sources */,
				9FCFF1C219B7FD0300513DD8 /* AppDelegate.swift in Sources */,
			);
			runOnlyForDeploymentPostprocessing = 0;
		};
		9FCFF1CA19B7FD0300513DD8 /* Sources */ = {
			isa = PBXSourcesBuildPhase;
			buildActionMask = 2147483647;
			files = (
				9FCFF1D519B7FD0300513DD8 /* Picnic_1Tests.swift in Sources */,
			);
			runOnlyForDeploymentPostprocessing = 0;
		};
/* End PBXSourcesBuildPhase section */

/* Begin PBXTargetDependency section */
		9FCFF1D019B7FD0300513DD8 /* PBXTargetDependency */ = {
			isa = PBXTargetDependency;
			target = 9FCFF1BB19B7FD0300513DD8 /* Picnic_1 */;
			targetProxy = 9FCFF1CF19B7FD0300513DD8 /* PBXContainerItemProxy */;
		};
/* End PBXTargetDependency section */

/* Begin PBXVariantGroup section */
		9FCFF1C519B7FD0300513DD8 /* Main.storyboard */ = {
			isa = PBXVariantGroup;
			children = (
				9FCFF1C619B7FD0300513DD8 /* Base */,
			);
			name = Main.storyboard;
			sourceTree = "<group>";
		};
/* End PBXVariantGroup section */

/* Begin XCBuildConfiguration section */
		9FCFF1D619B7FD0300513DD8 /* Debug */ = {
			isa = XCBuildConfiguration;
			buildSettings = {
				ALWAYS_SEARCH_USER_PATHS = NO;
				CLANG_CXX_LANGUAGE_STANDARD = "gnu++0x";
				CLANG_CXX_LIBRARY = "libc++";
				CLANG_ENABLE_MODULES = YES;
				CLANG_ENABLE_OBJC_ARC = YES;
				CLANG_WARN_BOOL_CONVERSION = YES;
				CLANG_WARN_CONSTANT_CONVERSION = YES;
				CLANG_WARN_DIRECT_OBJC_ISA_USAGE = YES_ERROR;
				CLANG_WARN_EMPTY_BODY = YES;
				CLANG_WARN_ENUM_CONVERSION = YES;
				CLANG_WARN_INT_CONVERSION = YES;
				CLANG_WARN_OBJC_ROOT_CLASS = YES_ERROR;
				CLANG_WARN_UNREACHABLE_CODE = YES;
				CLANG_WARN__DUPLICATE_METHOD_MATCH = YES;
				"CODE_SIGN_IDENTITY[sdk=iphoneos*]" = "iPhone Developer";
				COPY_PHASE_STRIP = NO;
				ENABLE_STRICT_OBJC_MSGSEND = YES;
				GCC_C_LANGUAGE_STANDARD = gnu99;
				GCC_DYNAMIC_NO_PIC = NO;
				GCC_OPTIMIZATION_LEVEL = 0;
				GCC_PREPROCESSOR_DEFINITIONS = (
					"DEBUG=1",
					"$(inherited)",
				);
				GCC_SYMBOLS_PRIVATE_EXTERN = NO;
				GCC_WARN_64_TO_32_BIT_CONVERSION = YES;
				GCC_WARN_ABOUT_RETURN_TYPE = YES_ERROR;
				GCC_WARN_UNDECLARED_SELECTOR = YES;
				GCC_WARN_UNINITIALIZED_AUTOS = YES_AGGRESSIVE;
				GCC_WARN_UNUSED_FUNCTION = YES;
				GCC_WARN_UNUSED_VARIABLE = YES;
				IPHONEOS_DEPLOYMENT_TARGET = 8.0;
				MTL_ENABLE_DEBUG_INFO = YES;
				ONLY_ACTIVE_ARCH = YES;
				SDKROOT = iphoneos;
				SWIFT_OPTIMIZATION_LEVEL = "-Onone";
			};
			name = Debug;
		};
		9FCFF1D719B7FD0300513DD8 /* Release */ = {
			isa = XCBuildConfiguration;
			buildSettings = {
				ALWAYS_SEARCH_USER_PATHS = NO;
				CLANG_CXX_LANGUAGE_STANDARD = "gnu++0x";
				CLANG_CXX_LIBRARY = "libc++";
				CLANG_ENABLE_MODULES = YES;
				CLANG_ENABLE_OBJC_ARC = YES;
				CLANG_WARN_BOOL_CONVERSION = YES;
				CLANG_WARN_CONSTANT_CONVERSION = YES;
				CLANG_WARN_DIRECT_OBJC_ISA_USAGE = YES_ERROR;
				CLANG_WARN_EMPTY_BODY = YES;
				CLANG_WARN_ENUM_CONVERSION = YES;
				CLANG_WARN_INT_CONVERSION = YES;
				CLANG_WARN_OBJC_ROOT_CLASS = YES_ERROR;
				CLANG_WARN_UNREACHABLE_CODE = YES;
				CLANG_WARN__DUPLICATE_METHOD_MATCH = YES;
				"CODE_SIGN_IDENTITY[sdk=iphoneos*]" = "iPhone Developer";
				COPY_PHASE_STRIP = YES;
				ENABLE_NS_ASSERTIONS = NO;
				ENABLE_STRICT_OBJC_MSGSEND = YES;
				GCC_C_LANGUAGE_STANDARD = gnu99;
				GCC_WARN_64_TO_32_BIT_CONVERSION = YES;
				GCC_WARN_ABOUT_RETURN_TYPE = YES_ERROR;
				GCC_WARN_UNDECLARED_SELECTOR = YES;
				GCC_WARN_UNINITIALIZED_AUTOS = YES_AGGRESSIVE;
				GCC_WARN_UNUSED_FUNCTION = YES;
				GCC_WARN_UNUSED_VARIABLE = YES;
				IPHONEOS_DEPLOYMENT_TARGET = 8.0;
				MTL_ENABLE_DEBUG_INFO = NO;
				SDKROOT = iphoneos;
				VALIDATE_PRODUCT = YES;
			};
			name = Release;
		};
		9FCFF1D919B7FD0300513DD8 /* Debug */ = {
			isa = XCBuildConfiguration;
			buildSettings = {
				ASSETCATALOG_COMPILER_APPICON_NAME = AppIcon;
				ASSETCATALOG_COMPILER_LAUNCHIMAGE_NAME = LaunchImage;
				INFOPLIST_FILE = Picnic_1/Info.plist;
				LD_RUNPATH_SEARCH_PATHS = "$(inherited) @executable_path/Frameworks";
				PRODUCT_NAME = "$(TARGET_NAME)";
			};
			name = Debug;
		};
		9FCFF1DA19B7FD0300513DD8 /* Release */ = {
			isa = XCBuildConfiguration;
			buildSettings = {
				ASSETCATALOG_COMPILER_APPICON_NAME = AppIcon;
				ASSETCATALOG_COMPILER_LAUNCHIMAGE_NAME = LaunchImage;
				INFOPLIST_FILE = Picnic_1/Info.plist;
				LD_RUNPATH_SEARCH_PATHS = "$(inherited) @executable_path/Frameworks";
				PRODUCT_NAME = "$(TARGET_NAME)";
			};
			name = Release;
		};
		9FCFF1DC19B7FD0300513DD8 /* Debug */ = {
			isa = XCBuildConfiguration;
			buildSettings = {
				BUNDLE_LOADER = "$(TEST_HOST)";
				FRAMEWORK_SEARCH_PATHS = (
					"$(SDKROOT)/Developer/Library/Frameworks",
					"$(inherited)",
				);
				GCC_PREPROCESSOR_DEFINITIONS = (
					"DEBUG=1",
					"$(inherited)",
				);
				INFOPLIST_FILE = Picnic_1Tests/Info.plist;
				LD_RUNPATH_SEARCH_PATHS = "$(inherited) @executable_path/Frameworks @loader_path/Frameworks";
				PRODUCT_NAME = "$(TARGET_NAME)";
				TEST_HOST = "$(BUILT_PRODUCTS_DIR)/Picnic_1.app/Picnic_1";
			};
			name = Debug;
		};
		9FCFF1DD19B7FD0300513DD8 /* Release */ = {
			isa = XCBuildConfiguration;
			buildSettings = {
				BUNDLE_LOADER = "$(TEST_HOST)";
				FRAMEWORK_SEARCH_PATHS = (
					"$(SDKROOT)/Developer/Library/Frameworks",
					"$(inherited)",
				);
				INFOPLIST_FILE = Picnic_1Tests/Info.plist;
				LD_RUNPATH_SEARCH_PATHS = "$(inherited) @executable_path/Frameworks @loader_path/Frameworks";
				PRODUCT_NAME = "$(TARGET_NAME)";
				TEST_HOST = "$(BUILT_PRODUCTS_DIR)/Picnic_1.app/Picnic_1";
			};
			name = Release;
		};
/* End XCBuildConfiguration section */

/* Begin XCConfigurationList section */
		9FCFF1B719B7FD0300513DD8 /* Build configuration list for PBXProject "Picnic_1" */ = {
			isa = XCConfigurationList;
			buildConfigurations = (
				9FCFF1D619B7FD0300513DD8 /* Debug */,
				9FCFF1D719B7FD0300513DD8 /* Release */,
			);
			defaultConfigurationIsVisible = 0;
			defaultConfigurationName = Release;
		};
		9FCFF1D819B7FD0300513DD8 /* Build configuration list for PBXNativeTarget "Picnic_1" */ = {
			isa = XCConfigurationList;
			buildConfigurations = (
				9FCFF1D919B7FD0300513DD8 /* Debug */,
				9FCFF1DA19B7FD0300513DD8 /* Release */,
			);
			defaultConfigurationIsVisible = 0;
		};
		9FCFF1DB19B7FD0300513DD8 /* Build configuration list for PBXNativeTarget "Picnic_1Tests" */ = {
			isa = XCConfigurationList;
			buildConfigurations = (
				9FCFF1DC19B7FD0300513DD8 /* Debug */,
				9FCFF1DD19B7FD0300513DD8 /* Release */,
			);
			defaultConfigurationIsVisible = 0;
		};
/* End XCConfigurationList section */
	};
	rootObject = 9FCFF1B419B7FD0300513DD8 /* Project object */;
}
